
Microsoft Visual Studio Solution File, Format Version 12.00
# Visual Studio 14
VisualStudioVersion = 14.0.25420.1
MinimumVisualStudioVersion = 10.0.40219.1
Project("{8BC9CEB8-8B4A-11D0-8D11-00A0C91BC942}") = "FastTarga", "FastTarga.vcxproj", "{5A48C607-CAF2-49E1-B532-1F2DB4786339}"
EndProject
Project("{8BC9CEB8-8B4A-11D0-8D11-00A0C91BC942}") = "FastTargaTest", "..\FastTargaTest\FastTargaTest.vcxproj", "{2878CEC0-3783-4AC1-A8F5-BCB317D9EFC9}"
EndProject
Global
	GlobalSection(SolutionConfigurationPlatforms) = preSolution
		Debug|x64 = Debug|x64
		Debug|x86 = Debug|x86
		Release|x64 = Release|x64
		Release|x86 = Release|x86
	EndGlobalSection
	GlobalSection(ProjectConfigurationPlatforms) = postSolution
		{5A48C607-CAF2-49E1-B532-1F2DB4786339}.Debug|x64.ActiveCfg = Debug|x64
		{5A48C607-CAF2-49E1-B532-1F2DB4786339}.Debug|x64.Build.0 = Debug|x64
		{5A48C607-CAF2-49E1-B532-1F2DB4786339}.Debug|x86.ActiveCfg = Debug|Win32
		{5A48C607-CAF2-49E1-B532-1F2DB4786339}.Debug|x86.Build.0 = Debug|Win32
		{5A48C607-CAF2-49E1-B532-1F2DB4786339}.Release|x64.ActiveCfg = Release|x64
		{5A48C607-CAF2-49E1-B532-1F2DB4786339}.Release|x64.Build.0 = Release|x64
		{5A48C607-CAF2-49E1-B532-1F2DB4786339}.Release|x86.ActiveCfg = Release|Win32
		{5A48C607-CAF2-49E1-B532-1F2DB4786339}.Release|x86.Build.0 = Release|Win32
		{2878CEC0-3783-4AC1-A8F5-BCB317D9EFC9}.Debug|x64.ActiveCfg = Debug|x64
		{2878CEC0-3783-4AC1-A8F5-BCB317D9EFC9}.Debug|x64.Build.0 = Debug|x64
		{2878CEC0-3783-4AC1-A8F5-BCB317D9EFC9}.Debug|x86.ActiveCfg = Debug|Win32
		{2878CEC0-3783-4AC1-A8F5-BCB317D9EFC9}.Debug|x86.Build.0 = Debug|Win32
		{2878CEC0-3783-4AC1-A8F5-BCB317D9EFC9}.Release|x64.ActiveCfg = Release|x64
		{2878CEC0-3783-4AC1-A8F5-BCB317D9EFC9}.Release|x64.Build.0 = Release|x64
		{2878CEC0-3783-4AC1-A8F5-BCB317D9EFC9}.Release|x86.ActiveCfg = Release|Win32
		{2878CEC0-3783-4AC1-A8F5-BCB317D9EFC9}.Release|x86.Build.0 = Release|Win32
	EndGlobalSection
	GlobalSection(SolutionProperties) = preSolution
		HideSolutionNode = FALSE
	EndGlobalSection
EndGlobal
