
Microsoft Visual Studio Solution File, Format Version 12.00
# Visual Studio 15
VisualStudioVersion = 15.0.28307.168
MinimumVisualStudioVersion = 10.0.40219.1
Project("{8BC9CEB8-8B4A-11D0-8D11-00A0C91BC942}") = "FastTarga", "FastTarga.vcxproj", "{5A48C607-CAF2-49E1-B532-1F2DB4786339}"
EndProject
Project("{8BC9CEB8-8B4A-11D0-8D11-00A0C91BC942}") = "FastTargaTest", "FastTargaTest.vcxproj", "{8C6CF65F-881C-4F30-812B-EE4EE4A57E97}"
EndProject
Global
	GlobalSection(SolutionConfigurationPlatforms) = preSolution
		Debug|x64 = Debug|x64
		Debug|x86 = Debug|x86
		Release|x64 = Release|x64
		Release|x86 = Release|x86
	EndGlobalSection
	GlobalSection(ProjectConfigurationPlatforms) = postSolution
		{5A48C607-CAF2-49E1-B532-1F2DB4786339}.Debug|x64.ActiveCfg = Debug|x64
		{5A48C607-CAF2-49E1-B532-1F2DB4786339}.Debug|x64.Build.0 = Debug|x64
		{5A48C607-CAF2-49E1-B532-1F2DB4786339}.Debug|x86.ActiveCfg = Debug|Win32
		{5A48C607-CAF2-49E1-B532-1F2DB4786339}.Debug|x86.Build.0 = Debug|Win32
		{5A48C607-CAF2-49E1-B532-1F2DB4786339}.Release|x64.ActiveCfg = Release|x64
		{5A48C607-CAF2-49E1-B532-1F2DB4786339}.Release|x64.Build.0 = Release|x64
		{5A48C607-CAF2-49E1-B532-1F2DB4786339}.Release|x86.ActiveCfg = Release|Win32
		{5A48C607-CAF2-49E1-B532-1F2DB4786339}.Release|x86.Build.0 = Release|Win32
		{8C6CF65F-881C-4F30-812B-EE4EE4A57E97}.Debug|x64.ActiveCfg = Debug|x64
		{8C6CF65F-881C-4F30-812B-EE4EE4A57E97}.Debug|x64.Build.0 = Debug|x64
		{8C6CF65F-881C-4F30-812B-EE4EE4A57E97}.Debug|x86.ActiveCfg = Debug|Win32
		{8C6CF65F-881C-4F30-812B-EE4EE4A57E97}.Debug|x86.Build.0 = Debug|Win32
		{8C6CF65F-881C-4F30-812B-EE4EE4A57E97}.Release|x64.ActiveCfg = Release|x64
		{8C6CF65F-881C-4F30-812B-EE4EE4A57E97}.Release|x64.Build.0 = Release|x64
		{8C6CF65F-881C-4F30-812B-EE4EE4A57E97}.Release|x86.ActiveCfg = Release|Win32
		{8C6CF65F-881C-4F30-812B-EE4EE4A57E97}.Release|x86.Build.0 = Release|Win32
	EndGlobalSection
	GlobalSection(SolutionProperties) = preSolution
		HideSolutionNode = FALSE
	EndGlobalSection
	GlobalSection(ExtensibilityGlobals) = postSolution
		SolutionGuid = {E24E0C5F-7D8A-47F2-8F5D-8D120A064E47}
	EndGlobalSection
EndGlobal
